
Microsoft Visual Studio Solution File, Format Version 12.00
# Visual Studio 15
VisualStudioVersion = 15.0.28307.329
MinimumVisualStudioVersion = 10.0.40219.1
Project("{FAE04EC0-301F-11D3-BF4B-00C04F79EFBC}") = "ПР4", "ПР4\ПР4.csproj", "{972FA51A-AA69-4CFB-85D3-03E20C87386A}"
EndProject
Global
	GlobalSection(SolutionConfigurationPlatforms) = preSolution
		Debug|Any CPU = Debug|Any CPU
		Release|Any CPU = Release|Any CPU
	EndGlobalSection
	GlobalSection(ProjectConfigurationPlatforms) = postSolution
		{972FA51A-AA69-4CFB-85D3-03E20C87386A}.Debug|Any CPU.ActiveCfg = Debug|Any CPU
		{972FA51A-AA69-4CFB-85D3-03E20C87386A}.Debug|Any CPU.Build.0 = Debug|Any CPU
		{972FA51A-AA69-4CFB-85D3-03E20C87386A}.Release|Any CPU.ActiveCfg = Release|Any CPU
		{972FA51A-AA69-4CFB-85D3-03E20C87386A}.Release|Any CPU.Build.0 = Release|Any CPU
	EndGlobalSection
	GlobalSection(SolutionProperties) = preSolution
		HideSolutionNode = FALSE
	EndGlobalSection
	GlobalSection(ExtensibilityGlobals) = postSolution
		SolutionGuid = {111B864F-3F46-478D-AA45-AD526B6C38DF}
	EndGlobalSection
EndGlobal
